
Microsoft Visual Studio Solution File, Format Version 12.00
# Visual Studio 2012
Project("{FAE04EC0-301F-11D3-BF4B-00C04F79EFBC}") = "ConferenceTrackManagementTW", "ConferenceTrackManagementTW.csproj", "{890870F9-C10C-45BD-B578-6A4EE1D88595}"
	ProjectSection(ProjectDependencies) = postProject
		{3184A16E-4586-4734-AE22-5F3F58F33C34} = {3184A16E-4586-4734-AE22-5F3F58F33C34}
	EndProjectSection
EndProject
Project("{FAE04EC0-301F-11D3-BF4B-00C04F79EFBC}") = "ConfereneceTrackManagementTW.Main", "..\ConfereneceTrackManagementTW.Main\ConfereneceTrackManagementTW.Main.csproj", "{3184A16E-4586-4734-AE22-5F3F58F33C34}"
EndProject
Global
	GlobalSection(SolutionConfigurationPlatforms) = preSolution
		Debug|Any CPU = Debug|Any CPU
		Release|Any CPU = Release|Any CPU
	EndGlobalSection
	GlobalSection(ProjectConfigurationPlatforms) = postSolution
		{890870F9-C10C-45BD-B578-6A4EE1D88595}.Debug|Any CPU.ActiveCfg = Debug|Any CPU
		{890870F9-C10C-45BD-B578-6A4EE1D88595}.Debug|Any CPU.Build.0 = Debug|Any CPU
		{890870F9-C10C-45BD-B578-6A4EE1D88595}.Release|Any CPU.ActiveCfg = Release|Any CPU
		{890870F9-C10C-45BD-B578-6A4EE1D88595}.Release|Any CPU.Build.0 = Release|Any CPU
		{3184A16E-4586-4734-AE22-5F3F58F33C34}.Debug|Any CPU.ActiveCfg = Debug|Any CPU
		{3184A16E-4586-4734-AE22-5F3F58F33C34}.Debug|Any CPU.Build.0 = Debug|Any CPU
		{3184A16E-4586-4734-AE22-5F3F58F33C34}.Release|Any CPU.ActiveCfg = Release|Any CPU
		{3184A16E-4586-4734-AE22-5F3F58F33C34}.Release|Any CPU.Build.0 = Release|Any CPU
	EndGlobalSection
	GlobalSection(SolutionProperties) = preSolution
		HideSolutionNode = FALSE
	EndGlobalSection
EndGlobal
